// !$*UTF8*$!
{
	archiveVersion = 1;
	classes = {
	};
	objectVersion = 56;
	objects = {

/* Begin PBXBuildFile section */
		638F31BE2CA19A84006F43C4 /* AppDelegate.swift in Sources */ = {isa = PBXBuildFile; fileRef = 638F31BD2CA19A84006F43C4 /* AppDelegate.swift */; };
		638F31C02CA19A84006F43C4 /* SceneDelegate.swift in Sources */ = {isa = PBXBuildFile; fileRef = 638F31BF2CA19A84006F43C4 /* SceneDelegate.swift */; };
		638F31C22CA19A84006F43C4 /* MainVC.swift in Sources */ = {isa = PBXBuildFile; fileRef = 638F31C12CA19A84006F43C4 /* MainVC.swift */; };
		638F31C52CA19A84006F43C4 /* Base in Resources */ = {isa = PBXBuildFile; fileRef = 638F31C42CA19A84006F43C4 /* Base */; };
		638F31C82CA19A84006F43C4 /* ActiveLaziness.xcdatamodeld in Sources */ = {isa = PBXBuildFile; fileRef = 638F31C62CA19A84006F43C4 /* ActiveLaziness.xcdatamodeld */; };
		638F31CA2CA19A86006F43C4 /* Assets.xcassets in Resources */ = {isa = PBXBuildFile; fileRef = 638F31C92CA19A86006F43C4 /* Assets.xcassets */; };
		638F31CD2CA19A86006F43C4 /* Base in Resources */ = {isa = PBXBuildFile; fileRef = 638F31CC2CA19A86006F43C4 /* Base */; };
		638F31D52CA1B24E006F43C4 /* ActivityLogItem.swift in Sources */ = {isa = PBXBuildFile; fileRef = 638F31D42CA1B24E006F43C4 /* ActivityLogItem.swift */; };
		639AE2792CA42703001FBA26 /* HistoryVC.swift in Sources */ = {isa = PBXBuildFile; fileRef = 639AE2782CA42703001FBA26 /* HistoryVC.swift */; };
		639AE27B2CA43100001FBA26 /* StatisticsVC.swift in Sources */ = {isa = PBXBuildFile; fileRef = 639AE27A2CA43100001FBA26 /* StatisticsVC.swift */; };
/* End PBXBuildFile section */

/* Begin PBXFileReference section */
		638F31BA2CA19A84006F43C4 /* ActiveLaziness.app */ = {isa = PBXFileReference; explicitFileType = wrapper.application; includeInIndex = 0; path = ActiveLaziness.app; sourceTree = BUILT_PRODUCTS_DIR; };
		638F31BD2CA19A84006F43C4 /* AppDelegate.swift */ = {isa = PBXFileReference; lastKnownFileType = sourcecode.swift; path = AppDelegate.swift; sourceTree = "<group>"; };
		638F31BF2CA19A84006F43C4 /* SceneDelegate.swift */ = {isa = PBXFileReference; lastKnownFileType = sourcecode.swift; path = SceneDelegate.swift; sourceTree = "<group>"; };
		638F31C12CA19A84006F43C4 /* MainVC.swift */ = {isa = PBXFileReference; lastKnownFileType = sourcecode.swift; path = MainVC.swift; sourceTree = "<group>"; };
		638F31C42CA19A84006F43C4 /* Base */ = {isa = PBXFileReference; lastKnownFileType = file.storyboard; name = Base; path = Base.lproj/Main.storyboard; sourceTree = "<group>"; };
		638F31C72CA19A84006F43C4 /* ActiveLaziness.xcdatamodel */ = {isa = PBXFileReference; lastKnownFileType = wrapper.xcdatamodel; path = ActiveLaziness.xcdatamodel; sourceTree = "<group>"; };
		638F31C92CA19A86006F43C4 /* Assets.xcassets */ = {isa = PBXFileReference; lastKnownFileType = folder.assetcatalog; path = Assets.xcassets; sourceTree = "<group>"; };
		638F31CC2CA19A86006F43C4 /* Base */ = {isa = PBXFileReference; lastKnownFileType = file.storyboard; name = Base; path = Base.lproj/LaunchScreen.storyboard; sourceTree = "<group>"; };
		638F31CE2CA19A86006F43C4 /* Info.plist */ = {isa = PBXFileReference; lastKnownFileType = text.plist.xml; path = Info.plist; sourceTree = "<group>"; };
		638F31D42CA1B24E006F43C4 /* ActivityLogItem.swift */ = {isa = PBXFileReference; lastKnownFileType = sourcecode.swift; path = ActivityLogItem.swift; sourceTree = "<group>"; };
		639AE2782CA42703001FBA26 /* HistoryVC.swift */ = {isa = PBXFileReference; lastKnownFileType = sourcecode.swift; path = HistoryVC.swift; sourceTree = "<group>"; };
		639AE27A2CA43100001FBA26 /* StatisticsVC.swift */ = {isa = PBXFileReference; lastKnownFileType = sourcecode.swift; path = StatisticsVC.swift; sourceTree = "<group>"; };
/* End PBXFileReference section */

/* Begin PBXFrameworksBuildPhase section */
		638F31B72CA19A84006F43C4 /* Frameworks */ = {
			isa = PBXFrameworksBuildPhase;
			buildActionMask = 2147483647;
			files = (
			);
			runOnlyForDeploymentPostprocessing = 0;
		};
/* End PBXFrameworksBuildPhase section */

/* Begin PBXGroup section */
		638F31B12CA19A84006F43C4 = {
			isa = PBXGroup;
			children = (
				638F31BC2CA19A84006F43C4 /* ActiveLaziness */,
				638F31BB2CA19A84006F43C4 /* Products */,
			);
			sourceTree = "<group>";
		};
		638F31BB2CA19A84006F43C4 /* Products */ = {
			isa = PBXGroup;
			children = (
				638F31BA2CA19A84006F43C4 /* ActiveLaziness.app */,
			);
			name = Products;
			sourceTree = "<group>";
		};
		638F31BC2CA19A84006F43C4 /* ActiveLaziness */ = {
			isa = PBXGroup;
			children = (
				638F31BD2CA19A84006F43C4 /* AppDelegate.swift */,
				638F31BF2CA19A84006F43C4 /* SceneDelegate.swift */,
				638F31C12CA19A84006F43C4 /* MainVC.swift */,
				639AE2782CA42703001FBA26 /* HistoryVC.swift */,
				638F31D42CA1B24E006F43C4 /* ActivityLogItem.swift */,
				639AE27A2CA43100001FBA26 /* StatisticsVC.swift */,
				638F31C32CA19A84006F43C4 /* Main.storyboard */,
				638F31C92CA19A86006F43C4 /* Assets.xcassets */,
				638F31CB2CA19A86006F43C4 /* LaunchScreen.storyboard */,
				638F31CE2CA19A86006F43C4 /* Info.plist */,
				638F31C62CA19A84006F43C4 /* ActiveLaziness.xcdatamodeld */,
			);
			path = ActiveLaziness;
			sourceTree = "<group>";
		};
/* End PBXGroup section */

/* Begin PBXNativeTarget section */
		638F31B92CA19A84006F43C4 /* ActiveLaziness */ = {
			isa = PBXNativeTarget;
			buildConfigurationList = 638F31D12CA19A86006F43C4 /* Build configuration list for PBXNativeTarget "ActiveLaziness" */;
			buildPhases = (
				638F31B62CA19A84006F43C4 /* Sources */,
				638F31B72CA19A84006F43C4 /* Frameworks */,
				638F31B82CA19A84006F43C4 /* Resources */,
			);
			buildRules = (
			);
			dependencies = (
			);
			name = ActiveLaziness;
			productName = ActiveLaziness;
			productReference = 638F31BA2CA19A84006F43C4 /* ActiveLaziness.app */;
			productType = "com.apple.product-type.application";
		};
/* End PBXNativeTarget section */

/* Begin PBXProject section */
		638F31B22CA19A84006F43C4 /* Project object */ = {
			isa = PBXProject;
			attributes = {
				BuildIndependentTargetsInParallel = 1;
				LastSwiftUpdateCheck = 1540;
				LastUpgradeCheck = 1540;
				TargetAttributes = {
					638F31B92CA19A84006F43C4 = {
						CreatedOnToolsVersion = 15.4;
					};
				};
			};
			buildConfigurationList = 638F31B52CA19A84006F43C4 /* Build configuration list for PBXProject "ActiveLaziness" */;
			compatibilityVersion = "Xcode 14.0";
			developmentRegion = en;
			hasScannedForEncodings = 0;
			knownRegions = (
				en,
				Base,
			);
			mainGroup = 638F31B12CA19A84006F43C4;
			productRefGroup = 638F31BB2CA19A84006F43C4 /* Products */;
			projectDirPath = "";
			projectRoot = "";
			targets = (
				638F31B92CA19A84006F43C4 /* ActiveLaziness */,
			);
		};
/* End PBXProject section */

/* Begin PBXResourcesBuildPhase section */
		638F31B82CA19A84006F43C4 /* Resources */ = {
			isa = PBXResourcesBuildPhase;
			buildActionMask = 2147483647;
			files = (
				638F31CA2CA19A86006F43C4 /* Assets.xcassets in Resources */,
				638F31CD2CA19A86006F43C4 /* Base in Resources */,
				638F31C52CA19A84006F43C4 /* Base in Resources */,
			);
			runOnlyForDeploymentPostprocessing = 0;
		};
/* End PBXResourcesBuildPhase section */

/* Begin PBXSourcesBuildPhase section */
		638F31B62CA19A84006F43C4 /* Sources */ = {
			isa = PBXSourcesBuildPhase;
			buildActionMask = 2147483647;
			files = (
				638F31C82CA19A84006F43C4 /* ActiveLaziness.xcdatamodeld in Sources */,
				638F31D52CA1B24E006F43C4 /* ActivityLogItem.swift in Sources */,
				638F31C22CA19A84006F43C4 /* MainVC.swift in Sources */,
				638F31BE2CA19A84006F43C4 /* AppDelegate.swift in Sources */,
				639AE27B2CA43100001FBA26 /* StatisticsVC.swift in Sources */,
				639AE2792CA42703001FBA26 /* HistoryVC.swift in Sources */,
				638F31C02CA19A84006F43C4 /* SceneDelegate.swift in Sources */,
			);
			runOnlyForDeploymentPostprocessing = 0;
		};
/* End PBXSourcesBuildPhase section */

/* Begin PBXVariantGroup section */
		638F31C32CA19A84006F43C4 /* Main.storyboard */ = {
			isa = PBXVariantGroup;
			children = (
				638F31C42CA19A84006F43C4 /* Base */,
			);
			name = Main.storyboard;
			sourceTree = "<group>";
		};
		638F31CB2CA19A86006F43C4 /* LaunchScreen.storyboard */ = {
			isa = PBXVariantGroup;
			children = (
				638F31CC2CA19A86006F43C4 /* Base */,
			);
			name = LaunchScreen.storyboard;
			sourceTree = "<group>";
		};
/* End PBXVariantGroup section */

/* Begin XCBuildConfiguration section */
		638F31CF2CA19A86006F43C4 /* Debug */ = {
			isa = XCBuildConfiguration;
			buildSettings = {
				ALWAYS_SEARCH_USER_PATHS = NO;
				ASSETCATALOG_COMPILER_GENERATE_SWIFT_ASSET_SYMBOL_EXTENSIONS = YES;
				CLANG_ANALYZER_NONNULL = YES;
				CLANG_ANALYZER_NUMBER_OBJECT_CONVERSION = YES_AGGRESSIVE;
				CLANG_CXX_LANGUAGE_STANDARD = "gnu++20";
				CLANG_ENABLE_MODULES = YES;
				CLANG_ENABLE_OBJC_ARC = YES;
				CLANG_ENABLE_OBJC_WEAK = YES;
				CLANG_WARN_BLOCK_CAPTURE_AUTORELEASING = YES;
				CLANG_WARN_BOOL_CONVERSION = YES;
				CLANG_WARN_COMMA = YES;
				CLANG_WARN_CONSTANT_CONVERSION = YES;
				CLANG_WARN_DEPRECATED_OBJC_IMPLEMENTATIONS = YES;
				CLANG_WARN_DIRECT_OBJC_ISA_USAGE = YES_ERROR;
				CLANG_WARN_DOCUMENTATION_COMMENTS = YES;
				CLANG_WARN_EMPTY_BODY = YES;
				CLANG_WARN_ENUM_CONVERSION = YES;
				CLANG_WARN_INFINITE_RECURSION = YES;
				CLANG_WARN_INT_CONVERSION = YES;
				CLANG_WARN_NON_LITERAL_NULL_CONVERSION = YES;
				CLANG_WARN_OBJC_IMPLICIT_RETAIN_SELF = YES;
				CLANG_WARN_OBJC_LITERAL_CONVERSION = YES;
				CLANG_WARN_OBJC_ROOT_CLASS = YES_ERROR;
				CLANG_WARN_QUOTED_INCLUDE_IN_FRAMEWORK_HEADER = YES;
				CLANG_WARN_RANGE_LOOP_ANALYSIS = YES;
				CLANG_WARN_STRICT_PROTOTYPES = YES;
				CLANG_WARN_SUSPICIOUS_MOVE = YES;
				CLANG_WARN_UNGUARDED_AVAILABILITY = YES_AGGRESSIVE;
				CLANG_WARN_UNREACHABLE_CODE = YES;
				CLANG_WARN__DUPLICATE_METHOD_MATCH = YES;
				COPY_PHASE_STRIP = NO;
				DEBUG_INFORMATION_FORMAT = dwarf;
				ENABLE_STRICT_OBJC_MSGSEND = YES;
				ENABLE_TESTABILITY = YES;
				ENABLE_USER_SCRIPT_SANDBOXING = YES;
				GCC_C_LANGUAGE_STANDARD = gnu17;
				GCC_DYNAMIC_NO_PIC = NO;
				GCC_NO_COMMON_BLOCKS = YES;
				GCC_OPTIMIZATION_LEVEL = 0;
				GCC_PREPROCESSOR_DEFINITIONS = (
					"DEBUG=1",
					"$(inherited)",
				);
				GCC_WARN_64_TO_32_BIT_CONVERSION = YES;
				GCC_WARN_ABOUT_RETURN_TYPE = YES_ERROR;
				GCC_WARN_UNDECLARED_SELECTOR = YES;
				GCC_WARN_UNINITIALIZED_AUTOS = YES_AGGRESSIVE;
				GCC_WARN_UNUSED_FUNCTION = YES;
				GCC_WARN_UNUSED_VARIABLE = YES;
				IPHONEOS_DEPLOYMENT_TARGET = 17.5;
				LOCALIZATION_PREFERS_STRING_CATALOGS = YES;
				MTL_ENABLE_DEBUG_INFO = INCLUDE_SOURCE;
				MTL_FAST_MATH = YES;
				ONLY_ACTIVE_ARCH = YES;
				SDKROOT = iphoneos;
				SWIFT_ACTIVE_COMPILATION_CONDITIONS = "DEBUG $(inherited)";
				SWIFT_OPTIMIZATION_LEVEL = "-Onone";
			};
			name = Debug;
		};
		638F31D02CA19A86006F43C4 /* Release */ = {
			isa = XCBuildConfiguration;
			buildSettings = {
				ALWAYS_SEARCH_USER_PATHS = NO;
				ASSETCATALOG_COMPILER_GENERATE_SWIFT_ASSET_SYMBOL_EXTENSIONS = YES;
				CLANG_ANALYZER_NONNULL = YES;
				CLANG_ANALYZER_NUMBER_OBJECT_CONVERSION = YES_AGGRESSIVE;
				CLANG_CXX_LANGUAGE_STANDARD = "gnu++20";
				CLANG_ENABLE_MODULES = YES;
				CLANG_ENABLE_OBJC_ARC = YES;
				CLANG_ENABLE_OBJC_WEAK = YES;
				CLANG_WARN_BLOCK_CAPTURE_AUTORELEASING = YES;
				CLANG_WARN_BOOL_CONVERSION = YES;
				CLANG_WARN_COMMA = YES;
				CLANG_WARN_CONSTANT_CONVERSION = YES;
				CLANG_WARN_DEPRECATED_OBJC_IMPLEMENTATIONS = YES;
				CLANG_WARN_DIRECT_OBJC_ISA_USAGE = YES_ERROR;
				CLANG_WARN_DOCUMENTATION_COMMENTS = YES;
				CLANG_WARN_EMPTY_BODY = YES;
				CLANG_WARN_ENUM_CONVERSION = YES;
				CLANG_WARN_INFINITE_RECURSION = YES;
				CLANG_WARN_INT_CONVERSION = YES;
				CLANG_WARN_NON_LITERAL_NULL_CONVERSION = YES;
				CLANG_WARN_OBJC_IMPLICIT_RETAIN_SELF = YES;
				CLANG_WARN_OBJC_LITERAL_CONVERSION = YES;
				CLANG_WARN_OBJC_ROOT_CLASS = YES_ERROR;
				CLANG_WARN_QUOTED_INCLUDE_IN_FRAMEWORK_HEADER = YES;
				CLANG_WARN_RANGE_LOOP_ANALYSIS = YES;
				CLANG_WARN_STRICT_PROTOTYPES = YES;
				CLANG_WARN_SUSPICIOUS_MOVE = YES;
				CLANG_WARN_UNGUARDED_AVAILABILITY = YES_AGGRESSIVE;
				CLANG_WARN_UNREACHABLE_CODE = YES;
				CLANG_WARN__DUPLICATE_METHOD_MATCH = YES;
				COPY_PHASE_STRIP = NO;
				DEBUG_INFORMATION_FORMAT = "dwarf-with-dsym";
				ENABLE_NS_ASSERTIONS = NO;
				ENABLE_STRICT_OBJC_MSGSEND = YES;
				ENABLE_USER_SCRIPT_SANDBOXING = YES;
				GCC_C_LANGUAGE_STANDARD = gnu17;
				GCC_NO_COMMON_BLOCKS = YES;
				GCC_WARN_64_TO_32_BIT_CONVERSION = YES;
				GCC_WARN_ABOUT_RETURN_TYPE = YES_ERROR;
				GCC_WARN_UNDECLARED_SELECTOR = YES;
				GCC_WARN_UNINITIALIZED_AUTOS = YES_AGGRESSIVE;
				GCC_WARN_UNUSED_FUNCTION = YES;
				GCC_WARN_UNUSED_VARIABLE = YES;
				IPHONEOS_DEPLOYMENT_TARGET = 17.5;
				LOCALIZATION_PREFERS_STRING_CATALOGS = YES;
				MTL_ENABLE_DEBUG_INFO = NO;
				MTL_FAST_MATH = YES;
				SDKROOT = iphoneos;
				SWIFT_COMPILATION_MODE = wholemodule;
				VALIDATE_PRODUCT = YES;
			};
			name = Release;
		};
		638F31D22CA19A86006F43C4 /* Debug */ = {
			isa = XCBuildConfiguration;
			buildSettings = {
				ASSETCATALOG_COMPILER_APPICON_NAME = AppIcon;
				ASSETCATALOG_COMPILER_GLOBAL_ACCENT_COLOR_NAME = AccentColor;
				CODE_SIGN_STYLE = Automatic;
				CURRENT_PROJECT_VERSION = 1;
				DEVELOPMENT_TEAM = YZD7BZY478;
				GENERATE_INFOPLIST_FILE = YES;
				INFOPLIST_FILE = ActiveLaziness/Info.plist;
				INFOPLIST_KEY_UIApplicationSupportsIndirectInputEvents = YES;
				INFOPLIST_KEY_UILaunchStoryboardName = LaunchScreen;
				INFOPLIST_KEY_UIMainStoryboardFile = Main;
				INFOPLIST_KEY_UISupportedInterfaceOrientations = UIInterfaceOrientationPortrait;
				IPHONEOS_DEPLOYMENT_TARGET = 15.0;
				LD_RUNPATH_SEARCH_PATHS = (
					"$(inherited)",
					"@executable_path/Frameworks",
				);
				MARKETING_VERSION = 1.0;
				PRODUCT_BUNDLE_IDENTIFIER = Chikibamboni.ActiveLaziness;
				PRODUCT_NAME = "$(TARGET_NAME)";
				SWIFT_EMIT_LOC_STRINGS = YES;
				SWIFT_VERSION = 5.0;
				TARGETED_DEVICE_FAMILY = "1,2";
			};
			name = Debug;
		};
		638F31D32CA19A86006F43C4 /* Release */ = {
			isa = XCBuildConfiguration;
			buildSettings = {
				ASSETCATALOG_COMPILER_APPICON_NAME = AppIcon;
				ASSETCATALOG_COMPILER_GLOBAL_ACCENT_COLOR_NAME = AccentColor;
				CODE_SIGN_STYLE = Automatic;
				CURRENT_PROJECT_VERSION = 1;
				DEVELOPMENT_TEAM = YZD7BZY478;
				GENERATE_INFOPLIST_FILE = YES;
				INFOPLIST_FILE = ActiveLaziness/Info.plist;
				INFOPLIST_KEY_UIApplicationSupportsIndirectInputEvents = YES;
				INFOPLIST_KEY_UILaunchStoryboardName = LaunchScreen;
				INFOPLIST_KEY_UIMainStoryboardFile = Main;
				INFOPLIST_KEY_UISupportedInterfaceOrientations = UIInterfaceOrientationPortrait;
				IPHONEOS_DEPLOYMENT_TARGET = 15.0;
				LD_RUNPATH_SEARCH_PATHS = (
					"$(inherited)",
					"@executable_path/Frameworks",
				);
				MARKETING_VERSION = 1.0;
				PRODUCT_BUNDLE_IDENTIFIER = Chikibamboni.ActiveLaziness;
				PRODUCT_NAME = "$(TARGET_NAME)";
				SWIFT_EMIT_LOC_STRINGS = YES;
				SWIFT_VERSION = 5.0;
				TARGETED_DEVICE_FAMILY = "1,2";
			};
			name = Release;
		};
/* End XCBuildConfiguration section */

/* Begin XCConfigurationList section */
		638F31B52CA19A84006F43C4 /* Build configuration list for PBXProject "ActiveLaziness" */ = {
			isa = XCConfigurationList;
			buildConfigurations = (
				638F31CF2CA19A86006F43C4 /* Debug */,
				638F31D02CA19A86006F43C4 /* Release */,
			);
			defaultConfigurationIsVisible = 0;
			defaultConfigurationName = Release;
		};
		638F31D12CA19A86006F43C4 /* Build configuration list for PBXNativeTarget "ActiveLaziness" */ = {
			isa = XCConfigurationList;
			buildConfigurations = (
				638F31D22CA19A86006F43C4 /* Debug */,
				638F31D32CA19A86006F43C4 /* Release */,
			);
			defaultConfigurationIsVisible = 0;
			defaultConfigurationName = Release;
		};
/* End XCConfigurationList section */

/* Begin XCVersionGroup section */
		638F31C62CA19A84006F43C4 /* ActiveLaziness.xcdatamodeld */ = {
			isa = XCVersionGroup;
			children = (
				638F31C72CA19A84006F43C4 /* ActiveLaziness.xcdatamodel */,
			);
			currentVersion = 638F31C72CA19A84006F43C4 /* ActiveLaziness.xcdatamodel */;
			path = ActiveLaziness.xcdatamodeld;
			sourceTree = "<group>";
			versionGroupType = wrapper.xcdatamodel;
		};
/* End XCVersionGroup section */
	};
	rootObject = 638F31B22CA19A84006F43C4 /* Project object */;
}
